// !$*UTF8*$!
{
	archiveVersion = 1;
	classes = {
	};
	objectVersion = 56;
	objects = {

/* Begin PBXBuildFile section */
		3C0094632AFF25BF00D4815D /* AppDelegate.swift in Sources */ = {isa = PBXBuildFile; fileRef = 3C0094622AFF25BF00D4815D /* AppDelegate.swift */; };
		3C0094652AFF25BF00D4815D /* SceneDelegate.swift in Sources */ = {isa = PBXBuildFile; fileRef = 3C0094642AFF25BF00D4815D /* SceneDelegate.swift */; };
		3C0094672AFF25BF00D4815D /* ViewController.swift in Sources */ = {isa = PBXBuildFile; fileRef = 3C0094662AFF25BF00D4815D /* ViewController.swift */; };
		3C00946A2AFF25BF00D4815D /* Main.storyboard in Resources */ = {isa = PBXBuildFile; fileRef = 3C0094682AFF25BF00D4815D /* Main.storyboard */; };
		3C00946C2AFF25C000D4815D /* Assets.xcassets in Resources */ = {isa = PBXBuildFile; fileRef = 3C00946B2AFF25C000D4815D /* Assets.xcassets */; };
		3C00946F2AFF25C000D4815D /* LaunchScreen.storyboard in Resources */ = {isa = PBXBuildFile; fileRef = 3C00946D2AFF25C000D4815D /* LaunchScreen.storyboard */; };
		3C00947A2AFF25C100D4815D /* Coin_Exchange_Capstone_iOS_DevelopmentTests.swift in Sources */ = {isa = PBXBuildFile; fileRef = 3C0094792AFF25C100D4815D /* Coin_Exchange_Capstone_iOS_DevelopmentTests.swift */; };
		3C0094842AFF25C100D4815D /* Coin_Exchange_Capstone_iOS_DevelopmentUITests.swift in Sources */ = {isa = PBXBuildFile; fileRef = 3C0094832AFF25C100D4815D /* Coin_Exchange_Capstone_iOS_DevelopmentUITests.swift */; };
		3C0094862AFF25C100D4815D /* Coin_Exchange_Capstone_iOS_DevelopmentUITestsLaunchTests.swift in Sources */ = {isa = PBXBuildFile; fileRef = 3C0094852AFF25C100D4815D /* Coin_Exchange_Capstone_iOS_DevelopmentUITestsLaunchTests.swift */; };
/* End PBXBuildFile section */

/* Begin PBXContainerItemProxy section */
		3C0094762AFF25C100D4815D /* PBXContainerItemProxy */ = {
			isa = PBXContainerItemProxy;
			containerPortal = 3C0094572AFF25BF00D4815D /* Project object */;
			proxyType = 1;
			remoteGlobalIDString = 3C00945E2AFF25BF00D4815D;
			remoteInfo = "Coin Exchange Capstone iOS Development";
		};
		3C0094802AFF25C100D4815D /* PBXContainerItemProxy */ = {
			isa = PBXContainerItemProxy;
			containerPortal = 3C0094572AFF25BF00D4815D /* Project object */;
			proxyType = 1;
			remoteGlobalIDString = 3C00945E2AFF25BF00D4815D;
			remoteInfo = "Coin Exchange Capstone iOS Development";
		};
/* End PBXContainerItemProxy section */

/* Begin PBXFileReference section */
		3C00945F2AFF25BF00D4815D /* Coin Exchange Capstone iOS Development.app */ = {isa = PBXFileReference; explicitFileType = wrapper.application; includeInIndex = 0; path = "Coin Exchange Capstone iOS Development.app"; sourceTree = BUILT_PRODUCTS_DIR; };
		3C0094622AFF25BF00D4815D /* AppDelegate.swift */ = {isa = PBXFileReference; lastKnownFileType = sourcecode.swift; path = AppDelegate.swift; sourceTree = "<group>"; };
		3C0094642AFF25BF00D4815D /* SceneDelegate.swift */ = {isa = PBXFileReference; lastKnownFileType = sourcecode.swift; path = SceneDelegate.swift; sourceTree = "<group>"; };
		3C0094662AFF25BF00D4815D /* ViewController.swift */ = {isa = PBXFileReference; lastKnownFileType = sourcecode.swift; path = ViewController.swift; sourceTree = "<group>"; };
		3C0094692AFF25BF00D4815D /* Base */ = {isa = PBXFileReference; lastKnownFileType = file.storyboard; name = Base; path = Base.lproj/Main.storyboard; sourceTree = "<group>"; };
		3C00946B2AFF25C000D4815D /* Assets.xcassets */ = {isa = PBXFileReference; lastKnownFileType = folder.assetcatalog; path = Assets.xcassets; sourceTree = "<group>"; };
		3C00946E2AFF25C000D4815D /* Base */ = {isa = PBXFileReference; lastKnownFileType = file.storyboard; name = Base; path = Base.lproj/LaunchScreen.storyboard; sourceTree = "<group>"; };
		3C0094702AFF25C000D4815D /* Info.plist */ = {isa = PBXFileReference; lastKnownFileType = text.plist.xml; path = Info.plist; sourceTree = "<group>"; };
		3C0094752AFF25C100D4815D /* Coin Exchange Capstone iOS DevelopmentTests.xctest */ = {isa = PBXFileReference; explicitFileType = wrapper.cfbundle; includeInIndex = 0; path = "Coin Exchange Capstone iOS DevelopmentTests.xctest"; sourceTree = BUILT_PRODUCTS_DIR; };
		3C0094792AFF25C100D4815D /* Coin_Exchange_Capstone_iOS_DevelopmentTests.swift */ = {isa = PBXFileReference; lastKnownFileType = sourcecode.swift; path = Coin_Exchange_Capstone_iOS_DevelopmentTests.swift; sourceTree = "<group>"; };
		3C00947F2AFF25C100D4815D /* Coin Exchange Capstone iOS DevelopmentUITests.xctest */ = {isa = PBXFileReference; explicitFileType = wrapper.cfbundle; includeInIndex = 0; path = "Coin Exchange Capstone iOS DevelopmentUITests.xctest"; sourceTree = BUILT_PRODUCTS_DIR; };
		3C0094832AFF25C100D4815D /* Coin_Exchange_Capstone_iOS_DevelopmentUITests.swift */ = {isa = PBXFileReference; lastKnownFileType = sourcecode.swift; path = Coin_Exchange_Capstone_iOS_DevelopmentUITests.swift; sourceTree = "<group>"; };
		3C0094852AFF25C100D4815D /* Coin_Exchange_Capstone_iOS_DevelopmentUITestsLaunchTests.swift */ = {isa = PBXFileReference; lastKnownFileType = sourcecode.swift; path = Coin_Exchange_Capstone_iOS_DevelopmentUITestsLaunchTests.swift; sourceTree = "<group>"; };
/* End PBXFileReference section */

/* Begin PBXFrameworksBuildPhase section */
		3C00945C2AFF25BF00D4815D /* Frameworks */ = {
			isa = PBXFrameworksBuildPhase;
			buildActionMask = 2147483647;
			files = (
			);
			runOnlyForDeploymentPostprocessing = 0;
		};
		3C0094722AFF25C100D4815D /* Frameworks */ = {
			isa = PBXFrameworksBuildPhase;
			buildActionMask = 2147483647;
			files = (
			);
			runOnlyForDeploymentPostprocessing = 0;
		};
		3C00947C2AFF25C100D4815D /* Frameworks */ = {
			isa = PBXFrameworksBuildPhase;
			buildActionMask = 2147483647;
			files = (
			);
			runOnlyForDeploymentPostprocessing = 0;
		};
/* End PBXFrameworksBuildPhase section */

/* Begin PBXGroup section */
		3C0094562AFF25BF00D4815D = {
			isa = PBXGroup;
			children = (
				3C0094612AFF25BF00D4815D /* Coin Exchange Capstone iOS Development */,
				3C0094782AFF25C100D4815D /* Coin Exchange Capstone iOS DevelopmentTests */,
				3C0094822AFF25C100D4815D /* Coin Exchange Capstone iOS DevelopmentUITests */,
				3C0094602AFF25BF00D4815D /* Products */,
			);
			sourceTree = "<group>";
		};
		3C0094602AFF25BF00D4815D /* Products */ = {
			isa = PBXGroup;
			children = (
				3C00945F2AFF25BF00D4815D /* Coin Exchange Capstone iOS Development.app */,
				3C0094752AFF25C100D4815D /* Coin Exchange Capstone iOS DevelopmentTests.xctest */,
				3C00947F2AFF25C100D4815D /* Coin Exchange Capstone iOS DevelopmentUITests.xctest */,
			);
			name = Products;
			sourceTree = "<group>";
		};
		3C0094612AFF25BF00D4815D /* Coin Exchange Capstone iOS Development */ = {
			isa = PBXGroup;
			children = (
				3C0094622AFF25BF00D4815D /* AppDelegate.swift */,
				3C0094642AFF25BF00D4815D /* SceneDelegate.swift */,
				3C0094662AFF25BF00D4815D /* ViewController.swift */,
				3C0094682AFF25BF00D4815D /* Main.storyboard */,
				3C00946B2AFF25C000D4815D /* Assets.xcassets */,
				3C00946D2AFF25C000D4815D /* LaunchScreen.storyboard */,
				3C0094702AFF25C000D4815D /* Info.plist */,
			);
			path = "Coin Exchange Capstone iOS Development";
			sourceTree = "<group>";
		};
		3C0094782AFF25C100D4815D /* Coin Exchange Capstone iOS DevelopmentTests */ = {
			isa = PBXGroup;
			children = (
				3C0094792AFF25C100D4815D /* Coin_Exchange_Capstone_iOS_DevelopmentTests.swift */,
			);
			path = "Coin Exchange Capstone iOS DevelopmentTests";
			sourceTree = "<group>";
		};
		3C0094822AFF25C100D4815D /* Coin Exchange Capstone iOS DevelopmentUITests */ = {
			isa = PBXGroup;
			children = (
				3C0094832AFF25C100D4815D /* Coin_Exchange_Capstone_iOS_DevelopmentUITests.swift */,
				3C0094852AFF25C100D4815D /* Coin_Exchange_Capstone_iOS_DevelopmentUITestsLaunchTests.swift */,
			);
			path = "Coin Exchange Capstone iOS DevelopmentUITests";
			sourceTree = "<group>";
		};
/* End PBXGroup section */

/* Begin PBXNativeTarget section */
		3C00945E2AFF25BF00D4815D /* Coin Exchange Capstone iOS Development */ = {
			isa = PBXNativeTarget;
			buildConfigurationList = 3C0094892AFF25C100D4815D /* Build configuration list for PBXNativeTarget "Coin Exchange Capstone iOS Development" */;
			buildPhases = (
				3C00945B2AFF25BF00D4815D /* Sources */,
				3C00945C2AFF25BF00D4815D /* Frameworks */,
				3C00945D2AFF25BF00D4815D /* Resources */,
			);
			buildRules = (
			);
			dependencies = (
			);
			name = "Coin Exchange Capstone iOS Development";
			productName = "Coin Exchange Capstone iOS Development";
			productReference = 3C00945F2AFF25BF00D4815D /* Coin Exchange Capstone iOS Development.app */;
			productType = "com.apple.product-type.application";
		};
		3C0094742AFF25C100D4815D /* Coin Exchange Capstone iOS DevelopmentTests */ = {
			isa = PBXNativeTarget;
			buildConfigurationList = 3C00948C2AFF25C100D4815D /* Build configuration list for PBXNativeTarget "Coin Exchange Capstone iOS DevelopmentTests" */;
			buildPhases = (
				3C0094712AFF25C100D4815D /* Sources */,
				3C0094722AFF25C100D4815D /* Frameworks */,
				3C0094732AFF25C100D4815D /* Resources */,
			);
			buildRules = (
			);
			dependencies = (
				3C0094772AFF25C100D4815D /* PBXTargetDependency */,
			);
			name = "Coin Exchange Capstone iOS DevelopmentTests";
			productName = "Coin Exchange Capstone iOS DevelopmentTests";
			productReference = 3C0094752AFF25C100D4815D /* Coin Exchange Capstone iOS DevelopmentTests.xctest */;
			productType = "com.apple.product-type.bundle.unit-test";
		};
		3C00947E2AFF25C100D4815D /* Coin Exchange Capstone iOS DevelopmentUITests */ = {
			isa = PBXNativeTarget;
			buildConfigurationList = 3C00948F2AFF25C100D4815D /* Build configuration list for PBXNativeTarget "Coin Exchange Capstone iOS DevelopmentUITests" */;
			buildPhases = (
				3C00947B2AFF25C100D4815D /* Sources */,
				3C00947C2AFF25C100D4815D /* Frameworks */,
				3C00947D2AFF25C100D4815D /* Resources */,
			);
			buildRules = (
			);
			dependencies = (
				3C0094812AFF25C100D4815D /* PBXTargetDependency */,
			);
			name = "Coin Exchange Capstone iOS DevelopmentUITests";
			productName = "Coin Exchange Capstone iOS DevelopmentUITests";
			productReference = 3C00947F2AFF25C100D4815D /* Coin Exchange Capstone iOS DevelopmentUITests.xctest */;
			productType = "com.apple.product-type.bundle.ui-testing";
		};
/* End PBXNativeTarget section */

/* Begin PBXProject section */
		3C0094572AFF25BF00D4815D /* Project object */ = {
			isa = PBXProject;
			attributes = {
				BuildIndependentTargetsInParallel = 1;
				LastSwiftUpdateCheck = 1430;
				LastUpgradeCheck = 1430;
				TargetAttributes = {
					3C00945E2AFF25BF00D4815D = {
						CreatedOnToolsVersion = 14.3.1;
					};
					3C0094742AFF25C100D4815D = {
						CreatedOnToolsVersion = 14.3.1;
						TestTargetID = 3C00945E2AFF25BF00D4815D;
					};
					3C00947E2AFF25C100D4815D = {
						CreatedOnToolsVersion = 14.3.1;
						TestTargetID = 3C00945E2AFF25BF00D4815D;
					};
				};
			};
			buildConfigurationList = 3C00945A2AFF25BF00D4815D /* Build configuration list for PBXProject "Coin Exchange Capstone iOS Development" */;
			compatibilityVersion = "Xcode 14.0";
			developmentRegion = en;
			hasScannedForEncodings = 0;
			knownRegions = (
				en,
				Base,
			);
			mainGroup = 3C0094562AFF25BF00D4815D;
			productRefGroup = 3C0094602AFF25BF00D4815D /* Products */;
			projectDirPath = "";
			projectRoot = "";
			targets = (
				3C00945E2AFF25BF00D4815D /* Coin Exchange Capstone iOS Development */,
				3C0094742AFF25C100D4815D /* Coin Exchange Capstone iOS DevelopmentTests */,
				3C00947E2AFF25C100D4815D /* Coin Exchange Capstone iOS DevelopmentUITests */,
			);
		};
/* End PBXProject section */

/* Begin PBXResourcesBuildPhase section */
		3C00945D2AFF25BF00D4815D /* Resources */ = {
			isa = PBXResourcesBuildPhase;
			buildActionMask = 2147483647;
			files = (
				3C00946F2AFF25C000D4815D /* LaunchScreen.storyboard in Resources */,
				3C00946C2AFF25C000D4815D /* Assets.xcassets in Resources */,
				3C00946A2AFF25BF00D4815D /* Main.storyboard in Resources */,
			);
			runOnlyForDeploymentPostprocessing = 0;
		};
		3C0094732AFF25C100D4815D /* Resources */ = {
			isa = PBXResourcesBuildPhase;
			buildActionMask = 2147483647;
			files = (
			);
			runOnlyForDeploymentPostprocessing = 0;
		};
		3C00947D2AFF25C100D4815D /* Resources */ = {
			isa = PBXResourcesBuildPhase;
			buildActionMask = 2147483647;
			files = (
			);
			runOnlyForDeploymentPostprocessing = 0;
		};
/* End PBXResourcesBuildPhase section */

/* Begin PBXSourcesBuildPhase section */
		3C00945B2AFF25BF00D4815D /* Sources */ = {
			isa = PBXSourcesBuildPhase;
			buildActionMask = 2147483647;
			files = (
				3C0094672AFF25BF00D4815D /* ViewController.swift in Sources */,
				3C0094632AFF25BF00D4815D /* AppDelegate.swift in Sources */,
				3C0094652AFF25BF00D4815D /* SceneDelegate.swift in Sources */,
			);
			runOnlyForDeploymentPostprocessing = 0;
		};
		3C0094712AFF25C100D4815D /* Sources */ = {
			isa = PBXSourcesBuildPhase;
			buildActionMask = 2147483647;
			files = (
				3C00947A2AFF25C100D4815D /* Coin_Exchange_Capstone_iOS_DevelopmentTests.swift in Sources */,
			);
			runOnlyForDeploymentPostprocessing = 0;
		};
		3C00947B2AFF25C100D4815D /* Sources */ = {
			isa = PBXSourcesBuildPhase;
			buildActionMask = 2147483647;
			files = (
				3C0094842AFF25C100D4815D /* Coin_Exchange_Capstone_iOS_DevelopmentUITests.swift in Sources */,
				3C0094862AFF25C100D4815D /* Coin_Exchange_Capstone_iOS_DevelopmentUITestsLaunchTests.swift in Sources */,
			);
			runOnlyForDeploymentPostprocessing = 0;
		};
/* End PBXSourcesBuildPhase section */

/* Begin PBXTargetDependency section */
		3C0094772AFF25C100D4815D /* PBXTargetDependency */ = {
			isa = PBXTargetDependency;
			target = 3C00945E2AFF25BF00D4815D /* Coin Exchange Capstone iOS Development */;
			targetProxy = 3C0094762AFF25C100D4815D /* PBXContainerItemProxy */;
		};
		3C0094812AFF25C100D4815D /* PBXTargetDependency */ = {
			isa = PBXTargetDependency;
			target = 3C00945E2AFF25BF00D4815D /* Coin Exchange Capstone iOS Development */;
			targetProxy = 3C0094802AFF25C100D4815D /* PBXContainerItemProxy */;
		};
/* End PBXTargetDependency section */

/* Begin PBXVariantGroup section */
		3C0094682AFF25BF00D4815D /* Main.storyboard */ = {
			isa = PBXVariantGroup;
			children = (
				3C0094692AFF25BF00D4815D /* Base */,
			);
			name = Main.storyboard;
			sourceTree = "<group>";
		};
		3C00946D2AFF25C000D4815D /* LaunchScreen.storyboard */ = {
			isa = PBXVariantGroup;
			children = (
				3C00946E2AFF25C000D4815D /* Base */,
			);
			name = LaunchScreen.storyboard;
			sourceTree = "<group>";
		};
/* End PBXVariantGroup section */

/* Begin XCBuildConfiguration section */
		3C0094872AFF25C100D4815D /* Debug */ = {
			isa = XCBuildConfiguration;
			buildSettings = {
				ALWAYS_SEARCH_USER_PATHS = NO;
				CLANG_ANALYZER_NONNULL = YES;
				CLANG_ANALYZER_NUMBER_OBJECT_CONVERSION = YES_AGGRESSIVE;
				CLANG_CXX_LANGUAGE_STANDARD = "gnu++20";
				CLANG_ENABLE_MODULES = YES;
				CLANG_ENABLE_OBJC_ARC = YES;
				CLANG_ENABLE_OBJC_WEAK = YES;
				CLANG_WARN_BLOCK_CAPTURE_AUTORELEASING = YES;
				CLANG_WARN_BOOL_CONVERSION = YES;
				CLANG_WARN_COMMA = YES;
				CLANG_WARN_CONSTANT_CONVERSION = YES;
				CLANG_WARN_DEPRECATED_OBJC_IMPLEMENTATIONS = YES;
				CLANG_WARN_DIRECT_OBJC_ISA_USAGE = YES_ERROR;
				CLANG_WARN_DOCUMENTATION_COMMENTS = YES;
				CLANG_WARN_EMPTY_BODY = YES;
				CLANG_WARN_ENUM_CONVERSION = YES;
				CLANG_WARN_INFINITE_RECURSION = YES;
				CLANG_WARN_INT_CONVERSION = YES;
				CLANG_WARN_NON_LITERAL_NULL_CONVERSION = YES;
				CLANG_WARN_OBJC_IMPLICIT_RETAIN_SELF = YES;
				CLANG_WARN_OBJC_LITERAL_CONVERSION = YES;
				CLANG_WARN_OBJC_ROOT_CLASS = YES_ERROR;
				CLANG_WARN_QUOTED_INCLUDE_IN_FRAMEWORK_HEADER = YES;
				CLANG_WARN_RANGE_LOOP_ANALYSIS = YES;
				CLANG_WARN_STRICT_PROTOTYPES = YES;
				CLANG_WARN_SUSPICIOUS_MOVE = YES;
				CLANG_WARN_UNGUARDED_AVAILABILITY = YES_AGGRESSIVE;
				CLANG_WARN_UNREACHABLE_CODE = YES;
				CLANG_WARN__DUPLICATE_METHOD_MATCH = YES;
				COPY_PHASE_STRIP = NO;
				DEBUG_INFORMATION_FORMAT = dwarf;
				ENABLE_STRICT_OBJC_MSGSEND = YES;
				ENABLE_TESTABILITY = YES;
				GCC_C_LANGUAGE_STANDARD = gnu11;
				GCC_DYNAMIC_NO_PIC = NO;
				GCC_NO_COMMON_BLOCKS = YES;
				GCC_OPTIMIZATION_LEVEL = 0;
				GCC_PREPROCESSOR_DEFINITIONS = (
					"DEBUG=1",
					"$(inherited)",
				);
				GCC_WARN_64_TO_32_BIT_CONVERSION = YES;
				GCC_WARN_ABOUT_RETURN_TYPE = YES_ERROR;
				GCC_WARN_UNDECLARED_SELECTOR = YES;
				GCC_WARN_UNINITIALIZED_AUTOS = YES_AGGRESSIVE;
				GCC_WARN_UNUSED_FUNCTION = YES;
				GCC_WARN_UNUSED_VARIABLE = YES;
				IPHONEOS_DEPLOYMENT_TARGET = 16.4;
				MTL_ENABLE_DEBUG_INFO = INCLUDE_SOURCE;
				MTL_FAST_MATH = YES;
				ONLY_ACTIVE_ARCH = YES;
				SDKROOT = iphoneos;
				SWIFT_ACTIVE_COMPILATION_CONDITIONS = DEBUG;
				SWIFT_OPTIMIZATION_LEVEL = "-Onone";
			};
			name = Debug;
		};
		3C0094882AFF25C100D4815D /* Release */ = {
			isa = XCBuildConfiguration;
			buildSettings = {
				ALWAYS_SEARCH_USER_PATHS = NO;
				CLANG_ANALYZER_NONNULL = YES;
				CLANG_ANALYZER_NUMBER_OBJECT_CONVERSION = YES_AGGRESSIVE;
				CLANG_CXX_LANGUAGE_STANDARD = "gnu++20";
				CLANG_ENABLE_MODULES = YES;
				CLANG_ENABLE_OBJC_ARC = YES;
				CLANG_ENABLE_OBJC_WEAK = YES;
				CLANG_WARN_BLOCK_CAPTURE_AUTORELEASING = YES;
				CLANG_WARN_BOOL_CONVERSION = YES;
				CLANG_WARN_COMMA = YES;
				CLANG_WARN_CONSTANT_CONVERSION = YES;
				CLANG_WARN_DEPRECATED_OBJC_IMPLEMENTATIONS = YES;
				CLANG_WARN_DIRECT_OBJC_ISA_USAGE = YES_ERROR;
				CLANG_WARN_DOCUMENTATION_COMMENTS = YES;
				CLANG_WARN_EMPTY_BODY = YES;
				CLANG_WARN_ENUM_CONVERSION = YES;
				CLANG_WARN_INFINITE_RECURSION = YES;
				CLANG_WARN_INT_CONVERSION = YES;
				CLANG_WARN_NON_LITERAL_NULL_CONVERSION = YES;
				CLANG_WARN_OBJC_IMPLICIT_RETAIN_SELF = YES;
				CLANG_WARN_OBJC_LITERAL_CONVERSION = YES;
				CLANG_WARN_OBJC_ROOT_CLASS = YES_ERROR;
				CLANG_WARN_QUOTED_INCLUDE_IN_FRAMEWORK_HEADER = YES;
				CLANG_WARN_RANGE_LOOP_ANALYSIS = YES;
				CLANG_WARN_STRICT_PROTOTYPES = YES;
				CLANG_WARN_SUSPICIOUS_MOVE = YES;
				CLANG_WARN_UNGUARDED_AVAILABILITY = YES_AGGRESSIVE;
				CLANG_WARN_UNREACHABLE_CODE = YES;
				CLANG_WARN__DUPLICATE_METHOD_MATCH = YES;
				COPY_PHASE_STRIP = NO;
				DEBUG_INFORMATION_FORMAT = "dwarf-with-dsym";
				ENABLE_NS_ASSERTIONS = NO;
				ENABLE_STRICT_OBJC_MSGSEND = YES;
				GCC_C_LANGUAGE_STANDARD = gnu11;
				GCC_NO_COMMON_BLOCKS = YES;
				GCC_WARN_64_TO_32_BIT_CONVERSION = YES;
				GCC_WARN_ABOUT_RETURN_TYPE = YES_ERROR;
				GCC_WARN_UNDECLARED_SELECTOR = YES;
				GCC_WARN_UNINITIALIZED_AUTOS = YES_AGGRESSIVE;
				GCC_WARN_UNUSED_FUNCTION = YES;
				GCC_WARN_UNUSED_VARIABLE = YES;
				IPHONEOS_DEPLOYMENT_TARGET = 16.4;
				MTL_ENABLE_DEBUG_INFO = NO;
				MTL_FAST_MATH = YES;
				SDKROOT = iphoneos;
				SWIFT_COMPILATION_MODE = wholemodule;
				SWIFT_OPTIMIZATION_LEVEL = "-O";
				VALIDATE_PRODUCT = YES;
			};
			name = Release;
		};
		3C00948A2AFF25C100D4815D /* Debug */ = {
			isa = XCBuildConfiguration;
			buildSettings = {
				ASSETCATALOG_COMPILER_APPICON_NAME = AppIcon;
				ASSETCATALOG_COMPILER_GLOBAL_ACCENT_COLOR_NAME = AccentColor;
				CODE_SIGN_STYLE = Automatic;
				CURRENT_PROJECT_VERSION = 1;
				GENERATE_INFOPLIST_FILE = YES;
				INFOPLIST_FILE = "Coin Exchange Capstone iOS Development/Info.plist";
				INFOPLIST_KEY_UIApplicationSupportsIndirectInputEvents = YES;
				INFOPLIST_KEY_UILaunchStoryboardName = LaunchScreen;
				INFOPLIST_KEY_UIMainStoryboardFile = Main;
				INFOPLIST_KEY_UISupportedInterfaceOrientations_iPad = "UIInterfaceOrientationPortrait UIInterfaceOrientationPortraitUpsideDown UIInterfaceOrientationLandscapeLeft UIInterfaceOrientationLandscapeRight";
				INFOPLIST_KEY_UISupportedInterfaceOrientations_iPhone = "UIInterfaceOrientationPortrait UIInterfaceOrientationLandscapeLeft UIInterfaceOrientationLandscapeRight";
				LD_RUNPATH_SEARCH_PATHS = (
					"$(inherited)",
					"@executable_path/Frameworks",
				);
				MARKETING_VERSION = 1.0;
				PRODUCT_BUNDLE_IDENTIFIER = "N.Coin-Exchange-Capstone-iOS-Development";
				PRODUCT_NAME = "$(TARGET_NAME)";
				SWIFT_EMIT_LOC_STRINGS = YES;
				SWIFT_VERSION = 5.0;
				TARGETED_DEVICE_FAMILY = "1,2";
			};
			name = Debug;
		};
		3C00948B2AFF25C100D4815D /* Release */ = {
			isa = XCBuildConfiguration;
			buildSettings = {
				ASSETCATALOG_COMPILER_APPICON_NAME = AppIcon;
				ASSETCATALOG_COMPILER_GLOBAL_ACCENT_COLOR_NAME = AccentColor;
				CODE_SIGN_STYLE = Automatic;
				CURRENT_PROJECT_VERSION = 1;
				GENERATE_INFOPLIST_FILE = YES;
				INFOPLIST_FILE = "Coin Exchange Capstone iOS Development/Info.plist";
				INFOPLIST_KEY_UIApplicationSupportsIndirectInputEvents = YES;
				INFOPLIST_KEY_UILaunchStoryboardName = LaunchScreen;
				INFOPLIST_KEY_UIMainStoryboardFile = Main;
				INFOPLIST_KEY_UISupportedInterfaceOrientations_iPad = "UIInterfaceOrientationPortrait UIInterfaceOrientationPortraitUpsideDown UIInterfaceOrientationLandscapeLeft UIInterfaceOrientationLandscapeRight";
				INFOPLIST_KEY_UISupportedInterfaceOrientations_iPhone = "UIInterfaceOrientationPortrait UIInterfaceOrientationLandscapeLeft UIInterfaceOrientationLandscapeRight";
				LD_RUNPATH_SEARCH_PATHS = (
					"$(inherited)",
					"@executable_path/Frameworks",
				);
				MARKETING_VERSION = 1.0;
				PRODUCT_BUNDLE_IDENTIFIER = "N.Coin-Exchange-Capstone-iOS-Development";
				PRODUCT_NAME = "$(TARGET_NAME)";
				SWIFT_EMIT_LOC_STRINGS = YES;
				SWIFT_VERSION = 5.0;
				TARGETED_DEVICE_FAMILY = "1,2";
			};
			name = Release;
		};
		3C00948D2AFF25C100D4815D /* Debug */ = {
			isa = XCBuildConfiguration;
			buildSettings = {
				ALWAYS_EMBED_SWIFT_STANDARD_LIBRARIES = YES;
				BUNDLE_LOADER = "$(TEST_HOST)";
				CODE_SIGN_STYLE = Automatic;
				CURRENT_PROJECT_VERSION = 1;
				GENERATE_INFOPLIST_FILE = YES;
				IPHONEOS_DEPLOYMENT_TARGET = 16.4;
				MARKETING_VERSION = 1.0;
				PRODUCT_BUNDLE_IDENTIFIER = "N.Coin-Exchange-Capstone-iOS-DevelopmentTests";
				PRODUCT_NAME = "$(TARGET_NAME)";
				SWIFT_EMIT_LOC_STRINGS = NO;
				SWIFT_VERSION = 5.0;
				TARGETED_DEVICE_FAMILY = "1,2";
				TEST_HOST = "$(BUILT_PRODUCTS_DIR)/Coin Exchange Capstone iOS Development.app/$(BUNDLE_EXECUTABLE_FOLDER_PATH)/Coin Exchange Capstone iOS Development";
			};
			name = Debug;
		};
		3C00948E2AFF25C100D4815D /* Release */ = {
			isa = XCBuildConfiguration;
			buildSettings = {
				ALWAYS_EMBED_SWIFT_STANDARD_LIBRARIES = YES;
				BUNDLE_LOADER = "$(TEST_HOST)";
				CODE_SIGN_STYLE = Automatic;
				CURRENT_PROJECT_VERSION = 1;
				GENERATE_INFOPLIST_FILE = YES;
				IPHONEOS_DEPLOYMENT_TARGET = 16.4;
				MARKETING_VERSION = 1.0;
				PRODUCT_BUNDLE_IDENTIFIER = "N.Coin-Exchange-Capstone-iOS-DevelopmentTests";
				PRODUCT_NAME = "$(TARGET_NAME)";
				SWIFT_EMIT_LOC_STRINGS = NO;
				SWIFT_VERSION = 5.0;
				TARGETED_DEVICE_FAMILY = "1,2";
				TEST_HOST = "$(BUILT_PRODUCTS_DIR)/Coin Exchange Capstone iOS Development.app/$(BUNDLE_EXECUTABLE_FOLDER_PATH)/Coin Exchange Capstone iOS Development";
			};
			name = Release;
		};
		3C0094902AFF25C100D4815D /* Debug */ = {
			isa = XCBuildConfiguration;
			buildSettings = {
				ALWAYS_EMBED_SWIFT_STANDARD_LIBRARIES = YES;
				CODE_SIGN_STYLE = Automatic;
				CURRENT_PROJECT_VERSION = 1;
				GENERATE_INFOPLIST_FILE = YES;
				MARKETING_VERSION = 1.0;
				PRODUCT_BUNDLE_IDENTIFIER = "N.Coin-Exchange-Capstone-iOS-DevelopmentUITests";
				PRODUCT_NAME = "$(TARGET_NAME)";
				SWIFT_EMIT_LOC_STRINGS = NO;
				SWIFT_VERSION = 5.0;
				TARGETED_DEVICE_FAMILY = "1,2";
				TEST_TARGET_NAME = "Coin Exchange Capstone iOS Development";
			};
			name = Debug;
		};
		3C0094912AFF25C100D4815D /* Release */ = {
			isa = XCBuildConfiguration;
			buildSettings = {
				ALWAYS_EMBED_SWIFT_STANDARD_LIBRARIES = YES;
				CODE_SIGN_STYLE = Automatic;
				CURRENT_PROJECT_VERSION = 1;
				GENERATE_INFOPLIST_FILE = YES;
				MARKETING_VERSION = 1.0;
				PRODUCT_BUNDLE_IDENTIFIER = "N.Coin-Exchange-Capstone-iOS-DevelopmentUITests";
				PRODUCT_NAME = "$(TARGET_NAME)";
				SWIFT_EMIT_LOC_STRINGS = NO;
				SWIFT_VERSION = 5.0;
				TARGETED_DEVICE_FAMILY = "1,2";
				TEST_TARGET_NAME = "Coin Exchange Capstone iOS Development";
			};
			name = Release;
		};
/* End XCBuildConfiguration section */

/* Begin XCConfigurationList section */
		3C00945A2AFF25BF00D4815D /* Build configuration list for PBXProject "Coin Exchange Capstone iOS Development" */ = {
			isa = XCConfigurationList;
			buildConfigurations = (
				3C0094872AFF25C100D4815D /* Debug */,
				3C0094882AFF25C100D4815D /* Release */,
			);
			defaultConfigurationIsVisible = 0;
			defaultConfigurationName = Release;
		};
		3C0094892AFF25C100D4815D /* Build configuration list for PBXNativeTarget "Coin Exchange Capstone iOS Development" */ = {
			isa = XCConfigurationList;
			buildConfigurations = (
				3C00948A2AFF25C100D4815D /* Debug */,
				3C00948B2AFF25C100D4815D /* Release */,
			);
			defaultConfigurationIsVisible = 0;
			defaultConfigurationName = Release;
		};
		3C00948C2AFF25C100D4815D /* Build configuration list for PBXNativeTarget "Coin Exchange Capstone iOS DevelopmentTests" */ = {
			isa = XCConfigurationList;
			buildConfigurations = (
				3C00948D2AFF25C100D4815D /* Debug */,
				3C00948E2AFF25C100D4815D /* Release */,
			);
			defaultConfigurationIsVisible = 0;
			defaultConfigurationName = Release;
		};
		3C00948F2AFF25C100D4815D /* Build configuration list for PBXNativeTarget "Coin Exchange Capstone iOS DevelopmentUITests" */ = {
			isa = XCConfigurationList;
			buildConfigurations = (
				3C0094902AFF25C100D4815D /* Debug */,
				3C0094912AFF25C100D4815D /* Release */,
			);
			defaultConfigurationIsVisible = 0;
			defaultConfigurationName = Release;
		};
/* End XCConfigurationList section */
	};
	rootObject = 3C0094572AFF25BF00D4815D /* Project object */;
}
